// !$*UTF8*$!
{
	archiveVersion = 1;
	classes = {
	};
	objectVersion = 55;
	objects = {

/* Begin PBXBuildFile section */
		73FA149D4B5E5EFC14E1A29F /* Pods_rickmorty.framework in Frameworks */ = {isa = PBXBuildFile; fileRef = 1BA14CBCAC7F2036A6034340 /* Pods_rickmorty.framework */; };
		FA29E997299A571B002265ED /* PaginationViewCell.swift in Sources */ = {isa = PBXBuildFile; fileRef = FA29E996299A571B002265ED /* PaginationViewCell.swift */; };
		FA35654E29967D610075D71D /* AppDelegate.swift in Sources */ = {isa = PBXBuildFile; fileRef = FA35654D29967D610075D71D /* AppDelegate.swift */; };
		FA35655029967D610075D71D /* SceneDelegate.swift in Sources */ = {isa = PBXBuildFile; fileRef = FA35654F29967D610075D71D /* SceneDelegate.swift */; };
		FA35655829967D610075D71D /* rickmorty.xcdatamodeld in Sources */ = {isa = PBXBuildFile; fileRef = FA35655629967D610075D71D /* rickmorty.xcdatamodeld */; };
		FA35655A29967D640075D71D /* Assets.xcassets in Resources */ = {isa = PBXBuildFile; fileRef = FA35655929967D640075D71D /* Assets.xcassets */; };
		FA35656A299685A90075D71D /* ProximaNova-Regular.ttf in Resources */ = {isa = PBXBuildFile; fileRef = FA356567299685A90075D71D /* ProximaNova-Regular.ttf */; };
		FA35656B299685A90075D71D /* ProximaNova-Bold.ttf in Resources */ = {isa = PBXBuildFile; fileRef = FA356568299685A90075D71D /* ProximaNova-Bold.ttf */; };
		FA35656C299685A90075D71D /* ProximaNova-Semibold.ttf in Resources */ = {isa = PBXBuildFile; fileRef = FA356569299685A90075D71D /* ProximaNova-Semibold.ttf */; };
		FA356571299686440075D71D /* CharactersViewController.swift in Sources */ = {isa = PBXBuildFile; fileRef = FA356570299686440075D71D /* CharactersViewController.swift */; };
		FA356575299686990075D71D /* CharactersViewModel.swift in Sources */ = {isa = PBXBuildFile; fileRef = FA356574299686990075D71D /* CharactersViewModel.swift */; };
		FA356579299688A30075D71D /* URLRequestFactory.swift in Sources */ = {isa = PBXBuildFile; fileRef = FA356578299688A30075D71D /* URLRequestFactory.swift */; };
		FA35657B299689080075D71D /* NetworkEnvironment.swift in Sources */ = {isa = PBXBuildFile; fileRef = FA35657A299689080075D71D /* NetworkEnvironment.swift */; };
		FA35657D29968B9C0075D71D /* NetworkRoute.swift in Sources */ = {isa = PBXBuildFile; fileRef = FA35657C29968B9C0075D71D /* NetworkRoute.swift */; };
		FA35657F29968E490075D71D /* NetworkService.swift in Sources */ = {isa = PBXBuildFile; fileRef = FA35657E29968E490075D71D /* NetworkService.swift */; };
		FA35658229968F450075D71D /* Constants.swift in Sources */ = {isa = PBXBuildFile; fileRef = FA35658129968F450075D71D /* Constants.swift */; };
		FA356584299690030075D71D /* NetworkError.swift in Sources */ = {isa = PBXBuildFile; fileRef = FA356583299690030075D71D /* NetworkError.swift */; };
		FA3565862996908B0075D71D /* ApiService.swift in Sources */ = {isa = PBXBuildFile; fileRef = FA3565852996908B0075D71D /* ApiService.swift */; };
		FA356588299691620075D71D /* NetworkManager.swift in Sources */ = {isa = PBXBuildFile; fileRef = FA356587299691620075D71D /* NetworkManager.swift */; };
		FA35658C299692540075D71D /* Character.swift in Sources */ = {isa = PBXBuildFile; fileRef = FA35658B299692540075D71D /* Character.swift */; };
		FA35658F29969A0F0075D71D /* UILabel + Ext.swift in Sources */ = {isa = PBXBuildFile; fileRef = FA35658E29969A0F0075D71D /* UILabel + Ext.swift */; };
		FA35659129969A410075D71D /* UIFont + Ext.swift in Sources */ = {isa = PBXBuildFile; fileRef = FA35659029969A410075D71D /* UIFont + Ext.swift */; };
		FA7111CB299A4EDD007D5F31 /* SearchParameters.swift in Sources */ = {isa = PBXBuildFile; fileRef = FA7111CA299A4EDD007D5F31 /* SearchParameters.swift */; };
		FAD687552996A1A700FD6E5C /* UIColor + Ext.swift in Sources */ = {isa = PBXBuildFile; fileRef = FAD687542996A1A700FD6E5C /* UIColor + Ext.swift */; };
		FAD687572996A25300FD6E5C /* UIView + Ext.swift in Sources */ = {isa = PBXBuildFile; fileRef = FAD687562996A25300FD6E5C /* UIView + Ext.swift */; };
		FAD68759299784C700FD6E5C /* RickMortySearchBar.swift in Sources */ = {isa = PBXBuildFile; fileRef = FAD68758299784C700FD6E5C /* RickMortySearchBar.swift */; };
		FAD6875B299788BA00FD6E5C /* UITextField + Ext.swift in Sources */ = {isa = PBXBuildFile; fileRef = FAD6875A299788BA00FD6E5C /* UITextField + Ext.swift */; };
		FAD6875D29978A5800FD6E5C /* CharactersVC + Ext.swift in Sources */ = {isa = PBXBuildFile; fileRef = FAD6875C29978A5800FD6E5C /* CharactersVC + Ext.swift */; };
		FAD6876029978D4100FD6E5C /* CharacterViewCell.swift in Sources */ = {isa = PBXBuildFile; fileRef = FAD6875F29978D4000FD6E5C /* CharacterViewCell.swift */; };
		FAD687622997966400FD6E5C /* UITableViewCell + Ext.swift in Sources */ = {isa = PBXBuildFile; fileRef = FAD687612997966400FD6E5C /* UITableViewCell + Ext.swift */; };
/* End PBXBuildFile section */

/* Begin PBXFileReference section */
		17A8B64CABC44B54D62B349A /* Pods-rickmorty.debug.xcconfig */ = {isa = PBXFileReference; includeInIndex = 1; lastKnownFileType = text.xcconfig; name = "Pods-rickmorty.debug.xcconfig"; path = "Target Support Files/Pods-rickmorty/Pods-rickmorty.debug.xcconfig"; sourceTree = "<group>"; };
		1BA14CBCAC7F2036A6034340 /* Pods_rickmorty.framework */ = {isa = PBXFileReference; explicitFileType = wrapper.framework; includeInIndex = 0; path = Pods_rickmorty.framework; sourceTree = BUILT_PRODUCTS_DIR; };
		487A86EBF1FEC76DB874CE02 /* Pods-rickmorty.release.xcconfig */ = {isa = PBXFileReference; includeInIndex = 1; lastKnownFileType = text.xcconfig; name = "Pods-rickmorty.release.xcconfig"; path = "Target Support Files/Pods-rickmorty/Pods-rickmorty.release.xcconfig"; sourceTree = "<group>"; };
		FA29E996299A571B002265ED /* PaginationViewCell.swift */ = {isa = PBXFileReference; lastKnownFileType = sourcecode.swift; path = PaginationViewCell.swift; sourceTree = "<group>"; };
		FA35654A29967D610075D71D /* rickmorty.app */ = {isa = PBXFileReference; explicitFileType = wrapper.application; includeInIndex = 0; path = rickmorty.app; sourceTree = BUILT_PRODUCTS_DIR; };
		FA35654D29967D610075D71D /* AppDelegate.swift */ = {isa = PBXFileReference; lastKnownFileType = sourcecode.swift; path = AppDelegate.swift; sourceTree = "<group>"; };
		FA35654F29967D610075D71D /* SceneDelegate.swift */ = {isa = PBXFileReference; lastKnownFileType = sourcecode.swift; path = SceneDelegate.swift; sourceTree = "<group>"; };
		FA35655729967D610075D71D /* rickmorty.xcdatamodel */ = {isa = PBXFileReference; lastKnownFileType = wrapper.xcdatamodel; path = rickmorty.xcdatamodel; sourceTree = "<group>"; };
		FA35655929967D640075D71D /* Assets.xcassets */ = {isa = PBXFileReference; lastKnownFileType = folder.assetcatalog; path = Assets.xcassets; sourceTree = "<group>"; };
		FA356567299685A90075D71D /* ProximaNova-Regular.ttf */ = {isa = PBXFileReference; lastKnownFileType = file; path = "ProximaNova-Regular.ttf"; sourceTree = "<group>"; };
		FA356568299685A90075D71D /* ProximaNova-Bold.ttf */ = {isa = PBXFileReference; lastKnownFileType = file; path = "ProximaNova-Bold.ttf"; sourceTree = "<group>"; };
		FA356569299685A90075D71D /* ProximaNova-Semibold.ttf */ = {isa = PBXFileReference; lastKnownFileType = file; path = "ProximaNova-Semibold.ttf"; sourceTree = "<group>"; };
		FA356570299686440075D71D /* CharactersViewController.swift */ = {isa = PBXFileReference; lastKnownFileType = sourcecode.swift; path = CharactersViewController.swift; sourceTree = "<group>"; };
		FA356574299686990075D71D /* CharactersViewModel.swift */ = {isa = PBXFileReference; lastKnownFileType = sourcecode.swift; path = CharactersViewModel.swift; sourceTree = "<group>"; };
		FA356578299688A30075D71D /* URLRequestFactory.swift */ = {isa = PBXFileReference; lastKnownFileType = sourcecode.swift; path = URLRequestFactory.swift; sourceTree = "<group>"; };
		FA35657A299689080075D71D /* NetworkEnvironment.swift */ = {isa = PBXFileReference; lastKnownFileType = sourcecode.swift; path = NetworkEnvironment.swift; sourceTree = "<group>"; };
		FA35657C29968B9C0075D71D /* NetworkRoute.swift */ = {isa = PBXFileReference; lastKnownFileType = sourcecode.swift; path = NetworkRoute.swift; sourceTree = "<group>"; };
		FA35657E29968E490075D71D /* NetworkService.swift */ = {isa = PBXFileReference; lastKnownFileType = sourcecode.swift; path = NetworkService.swift; sourceTree = "<group>"; };
		FA35658129968F450075D71D /* Constants.swift */ = {isa = PBXFileReference; lastKnownFileType = sourcecode.swift; path = Constants.swift; sourceTree = "<group>"; };
		FA356583299690030075D71D /* NetworkError.swift */ = {isa = PBXFileReference; lastKnownFileType = sourcecode.swift; path = NetworkError.swift; sourceTree = "<group>"; };
		FA3565852996908B0075D71D /* ApiService.swift */ = {isa = PBXFileReference; lastKnownFileType = sourcecode.swift; path = ApiService.swift; sourceTree = "<group>"; };
		FA356587299691620075D71D /* NetworkManager.swift */ = {isa = PBXFileReference; lastKnownFileType = sourcecode.swift; path = NetworkManager.swift; sourceTree = "<group>"; };
		FA35658B299692540075D71D /* Character.swift */ = {isa = PBXFileReference; lastKnownFileType = sourcecode.swift; path = Character.swift; sourceTree = "<group>"; };
		FA35658E29969A0F0075D71D /* UILabel + Ext.swift */ = {isa = PBXFileReference; lastKnownFileType = sourcecode.swift; path = "UILabel + Ext.swift"; sourceTree = "<group>"; };
		FA35659029969A410075D71D /* UIFont + Ext.swift */ = {isa = PBXFileReference; lastKnownFileType = sourcecode.swift; path = "UIFont + Ext.swift"; sourceTree = "<group>"; };
		FA7111CA299A4EDD007D5F31 /* SearchParameters.swift */ = {isa = PBXFileReference; lastKnownFileType = sourcecode.swift; path = SearchParameters.swift; sourceTree = "<group>"; };
		FAD6875329969E9300FD6E5C /* Info.plist */ = {isa = PBXFileReference; lastKnownFileType = text.plist.xml; path = Info.plist; sourceTree = "<group>"; };
		FAD687542996A1A700FD6E5C /* UIColor + Ext.swift */ = {isa = PBXFileReference; lastKnownFileType = sourcecode.swift; path = "UIColor + Ext.swift"; sourceTree = "<group>"; };
		FAD687562996A25300FD6E5C /* UIView + Ext.swift */ = {isa = PBXFileReference; lastKnownFileType = sourcecode.swift; path = "UIView + Ext.swift"; sourceTree = "<group>"; };
		FAD68758299784C700FD6E5C /* RickMortySearchBar.swift */ = {isa = PBXFileReference; lastKnownFileType = sourcecode.swift; path = RickMortySearchBar.swift; sourceTree = "<group>"; };
		FAD6875A299788BA00FD6E5C /* UITextField + Ext.swift */ = {isa = PBXFileReference; lastKnownFileType = sourcecode.swift; path = "UITextField + Ext.swift"; sourceTree = "<group>"; };
		FAD6875C29978A5800FD6E5C /* CharactersVC + Ext.swift */ = {isa = PBXFileReference; lastKnownFileType = sourcecode.swift; path = "CharactersVC + Ext.swift"; sourceTree = "<group>"; };
		FAD6875F29978D4000FD6E5C /* CharacterViewCell.swift */ = {isa = PBXFileReference; lastKnownFileType = sourcecode.swift; path = CharacterViewCell.swift; sourceTree = "<group>"; };
		FAD687612997966400FD6E5C /* UITableViewCell + Ext.swift */ = {isa = PBXFileReference; lastKnownFileType = sourcecode.swift; path = "UITableViewCell + Ext.swift"; sourceTree = "<group>"; };
/* End PBXFileReference section */

/* Begin PBXFrameworksBuildPhase section */
		FA35654729967D610075D71D /* Frameworks */ = {
			isa = PBXFrameworksBuildPhase;
			buildActionMask = 2147483647;
			files = (
				73FA149D4B5E5EFC14E1A29F /* Pods_rickmorty.framework in Frameworks */,
			);
			runOnlyForDeploymentPostprocessing = 0;
		};
/* End PBXFrameworksBuildPhase section */

/* Begin PBXGroup section */
		5DF5511F56C67A4AB6DB02CD /* Frameworks */ = {
			isa = PBXGroup;
			children = (
				1BA14CBCAC7F2036A6034340 /* Pods_rickmorty.framework */,
			);
			name = Frameworks;
			sourceTree = "<group>";
		};
		E282853C2E7CFEDFF5C2C0F8 /* Pods */ = {
			isa = PBXGroup;
			children = (
				17A8B64CABC44B54D62B349A /* Pods-rickmorty.debug.xcconfig */,
				487A86EBF1FEC76DB874CE02 /* Pods-rickmorty.release.xcconfig */,
			);
			path = Pods;
			sourceTree = "<group>";
		};
		FA35654129967D610075D71D = {
			isa = PBXGroup;
			children = (
				FA35654C29967D610075D71D /* rickmorty */,
				FA35654B29967D610075D71D /* Products */,
				E282853C2E7CFEDFF5C2C0F8 /* Pods */,
				5DF5511F56C67A4AB6DB02CD /* Frameworks */,
			);
			sourceTree = "<group>";
		};
		FA35654B29967D610075D71D /* Products */ = {
			isa = PBXGroup;
			children = (
				FA35654A29967D610075D71D /* rickmorty.app */,
			);
			name = Products;
			sourceTree = "<group>";
		};
		FA35654C29967D610075D71D /* rickmorty */ = {
			isa = PBXGroup;
			children = (
				FA35656D299685CE0075D71D /* Application */,
				FA35658029968F350075D71D /* Helpers */,
				FA35656E299686010075D71D /* Controllers */,
				FA3565722996864B0075D71D /* ViewModels */,
				FA35659229969B7F0075D71D /* Views */,
				FA356589299691DE0075D71D /* Models */,
				FA356576299686DE0075D71D /* API */,
				FA356565299685030075D71D /* Resources */,
			);
			path = rickmorty;
			sourceTree = "<group>";
		};
		FA356565299685030075D71D /* Resources */ = {
			isa = PBXGroup;
			children = (
				FA3565662996851D0075D71D /* Fonts */,
				FA35655929967D640075D71D /* Assets.xcassets */,
			);
			path = Resources;
			sourceTree = "<group>";
		};
		FA3565662996851D0075D71D /* Fonts */ = {
			isa = PBXGroup;
			children = (
				FA356568299685A90075D71D /* ProximaNova-Bold.ttf */,
				FA356567299685A90075D71D /* ProximaNova-Regular.ttf */,
				FA356569299685A90075D71D /* ProximaNova-Semibold.ttf */,
			);
			path = Fonts;
			sourceTree = "<group>";
		};
		FA35656D299685CE0075D71D /* Application */ = {
			isa = PBXGroup;
			children = (
				FAD6875329969E9300FD6E5C /* Info.plist */,
				FA35655629967D610075D71D /* rickmorty.xcdatamodeld */,
				FA35654D29967D610075D71D /* AppDelegate.swift */,
				FA35654F29967D610075D71D /* SceneDelegate.swift */,
			);
			path = Application;
			sourceTree = "<group>";
		};
		FA35656E299686010075D71D /* Controllers */ = {
			isa = PBXGroup;
			children = (
				FA35656F299686210075D71D /* Characters */,
			);
			path = Controllers;
			sourceTree = "<group>";
		};
		FA35656F299686210075D71D /* Characters */ = {
			isa = PBXGroup;
			children = (
				FA356570299686440075D71D /* CharactersViewController.swift */,
				FAD6875C29978A5800FD6E5C /* CharactersVC + Ext.swift */,
				FAD6875E29978D3200FD6E5C /* Cells */,
			);
			path = Characters;
			sourceTree = "<group>";
		};
		FA3565722996864B0075D71D /* ViewModels */ = {
			isa = PBXGroup;
			children = (
				FA356573299686830075D71D /* Characters */,
			);
			path = ViewModels;
			sourceTree = "<group>";
		};
		FA356573299686830075D71D /* Characters */ = {
			isa = PBXGroup;
			children = (
				FA356574299686990075D71D /* CharactersViewModel.swift */,
			);
			path = Characters;
			sourceTree = "<group>";
		};
		FA356576299686DE0075D71D /* API */ = {
			isa = PBXGroup;
			children = (
				FA3565772996888D0075D71D /* Network */,
			);
			path = API;
			sourceTree = "<group>";
		};
		FA3565772996888D0075D71D /* Network */ = {
			isa = PBXGroup;
			children = (
				FA3565852996908B0075D71D /* ApiService.swift */,
				FA356587299691620075D71D /* NetworkManager.swift */,
				FA35657E29968E490075D71D /* NetworkService.swift */,
				FA35657C29968B9C0075D71D /* NetworkRoute.swift */,
				FA356578299688A30075D71D /* URLRequestFactory.swift */,
				FA35657A299689080075D71D /* NetworkEnvironment.swift */,
				FA356583299690030075D71D /* NetworkError.swift */,
			);
			path = Network;
			sourceTree = "<group>";
		};
		FA35658029968F350075D71D /* Helpers */ = {
			isa = PBXGroup;
			children = (
				FA35658129968F450075D71D /* Constants.swift */,
				FA35658D299699110075D71D /* Extensions */,
			);
			path = Helpers;
			sourceTree = "<group>";
		};
		FA356589299691DE0075D71D /* Models */ = {
			isa = PBXGroup;
			children = (
				FA35658B299692540075D71D /* Character.swift */,
				FA7111CA299A4EDD007D5F31 /* SearchParameters.swift */,
			);
			path = Models;
			sourceTree = "<group>";
		};
		FA35658D299699110075D71D /* Extensions */ = {
			isa = PBXGroup;
			children = (
				FA35658E29969A0F0075D71D /* UILabel + Ext.swift */,
				FA35659029969A410075D71D /* UIFont + Ext.swift */,
				FAD687542996A1A700FD6E5C /* UIColor + Ext.swift */,
				FAD687562996A25300FD6E5C /* UIView + Ext.swift */,
				FAD6875A299788BA00FD6E5C /* UITextField + Ext.swift */,
				FAD687612997966400FD6E5C /* UITableViewCell + Ext.swift */,
			);
			path = Extensions;
			sourceTree = "<group>";
		};
		FA35659229969B7F0075D71D /* Views */ = {
			isa = PBXGroup;
			children = (
				FAD68758299784C700FD6E5C /* RickMortySearchBar.swift */,
			);
			path = Views;
			sourceTree = "<group>";
		};
		FAD6875E29978D3200FD6E5C /* Cells */ = {
			isa = PBXGroup;
			children = (
				FAD6875F29978D4000FD6E5C /* CharacterViewCell.swift */,
				FA29E996299A571B002265ED /* PaginationViewCell.swift */,
			);
			path = Cells;
			sourceTree = "<group>";
		};
/* End PBXGroup section */

/* Begin PBXNativeTarget section */
		FA35654929967D610075D71D /* rickmorty */ = {
			isa = PBXNativeTarget;
			buildConfigurationList = FA35656129967D640075D71D /* Build configuration list for PBXNativeTarget "rickmorty" */;
			buildPhases = (
				36E6386A5D80EC9BF24FD13A /* [CP] Check Pods Manifest.lock */,
				FA35654629967D610075D71D /* Sources */,
				FA35654729967D610075D71D /* Frameworks */,
				FA35654829967D610075D71D /* Resources */,
				DE62FCA49E277E2C55F561B1 /* [CP] Embed Pods Frameworks */,
			);
			buildRules = (
			);
			dependencies = (
			);
			name = rickmorty;
			productName = rickmorty;
			productReference = FA35654A29967D610075D71D /* rickmorty.app */;
			productType = "com.apple.product-type.application";
		};
/* End PBXNativeTarget section */

/* Begin PBXProject section */
		FA35654229967D610075D71D /* Project object */ = {
			isa = PBXProject;
			attributes = {
				BuildIndependentTargetsInParallel = 1;
				LastSwiftUpdateCheck = 1300;
				LastUpgradeCheck = 1300;
				TargetAttributes = {
					FA35654929967D610075D71D = {
						CreatedOnToolsVersion = 13.0;
					};
				};
			};
			buildConfigurationList = FA35654529967D610075D71D /* Build configuration list for PBXProject "rickmorty" */;
			compatibilityVersion = "Xcode 13.0";
			developmentRegion = en;
			hasScannedForEncodings = 0;
			knownRegions = (
				en,
				Base,
			);
			mainGroup = FA35654129967D610075D71D;
			productRefGroup = FA35654B29967D610075D71D /* Products */;
			projectDirPath = "";
			projectRoot = "";
			targets = (
				FA35654929967D610075D71D /* rickmorty */,
			);
		};
/* End PBXProject section */

/* Begin PBXResourcesBuildPhase section */
		FA35654829967D610075D71D /* Resources */ = {
			isa = PBXResourcesBuildPhase;
			buildActionMask = 2147483647;
			files = (
				FA35655A29967D640075D71D /* Assets.xcassets in Resources */,
				FA35656C299685A90075D71D /* ProximaNova-Semibold.ttf in Resources */,
				FA35656A299685A90075D71D /* ProximaNova-Regular.ttf in Resources */,
				FA35656B299685A90075D71D /* ProximaNova-Bold.ttf in Resources */,
			);
			runOnlyForDeploymentPostprocessing = 0;
		};
/* End PBXResourcesBuildPhase section */

/* Begin PBXShellScriptBuildPhase section */
		36E6386A5D80EC9BF24FD13A /* [CP] Check Pods Manifest.lock */ = {
			isa = PBXShellScriptBuildPhase;
			buildActionMask = 2147483647;
			files = (
			);
			inputFileListPaths = (
			);
			inputPaths = (
				"${PODS_PODFILE_DIR_PATH}/Podfile.lock",
				"${PODS_ROOT}/Manifest.lock",
			);
			name = "[CP] Check Pods Manifest.lock";
			outputFileListPaths = (
			);
			outputPaths = (
				"$(DERIVED_FILE_DIR)/Pods-rickmorty-checkManifestLockResult.txt",
			);
			runOnlyForDeploymentPostprocessing = 0;
			shellPath = /bin/sh;
			shellScript = "diff \"${PODS_PODFILE_DIR_PATH}/Podfile.lock\" \"${PODS_ROOT}/Manifest.lock\" > /dev/null\nif [ $? != 0 ] ; then\n    # print error to STDERR\n    echo \"error: The sandbox is not in sync with the Podfile.lock. Run 'pod install' or update your CocoaPods installation.\" >&2\n    exit 1\nfi\n# This output is used by Xcode 'outputs' to avoid re-running this script phase.\necho \"SUCCESS\" > \"${SCRIPT_OUTPUT_FILE_0}\"\n";
			showEnvVarsInLog = 0;
		};
		DE62FCA49E277E2C55F561B1 /* [CP] Embed Pods Frameworks */ = {
			isa = PBXShellScriptBuildPhase;
			buildActionMask = 2147483647;
			files = (
			);
			inputFileListPaths = (
				"${PODS_ROOT}/Target Support Files/Pods-rickmorty/Pods-rickmorty-frameworks-${CONFIGURATION}-input-files.xcfilelist",
			);
			name = "[CP] Embed Pods Frameworks";
			outputFileListPaths = (
				"${PODS_ROOT}/Target Support Files/Pods-rickmorty/Pods-rickmorty-frameworks-${CONFIGURATION}-output-files.xcfilelist",
			);
			runOnlyForDeploymentPostprocessing = 0;
			shellPath = /bin/sh;
			shellScript = "\"${PODS_ROOT}/Target Support Files/Pods-rickmorty/Pods-rickmorty-frameworks.sh\"\n";
			showEnvVarsInLog = 0;
		};
/* End PBXShellScriptBuildPhase section */

/* Begin PBXSourcesBuildPhase section */
		FA35654629967D610075D71D /* Sources */ = {
			isa = PBXSourcesBuildPhase;
			buildActionMask = 2147483647;
			files = (
				FA356571299686440075D71D /* CharactersViewController.swift in Sources */,
				FA35654E29967D610075D71D /* AppDelegate.swift in Sources */,
				FAD687622997966400FD6E5C /* UITableViewCell + Ext.swift in Sources */,
				FA7111CB299A4EDD007D5F31 /* SearchParameters.swift in Sources */,
				FAD687572996A25300FD6E5C /* UIView + Ext.swift in Sources */,
				FA3565862996908B0075D71D /* ApiService.swift in Sources */,
				FA29E997299A571B002265ED /* PaginationViewCell.swift in Sources */,
				FAD687552996A1A700FD6E5C /* UIColor + Ext.swift in Sources */,
				FA35658F29969A0F0075D71D /* UILabel + Ext.swift in Sources */,
				FA356588299691620075D71D /* NetworkManager.swift in Sources */,
				FA35655829967D610075D71D /* rickmorty.xcdatamodeld in Sources */,
				FA35657B299689080075D71D /* NetworkEnvironment.swift in Sources */,
				FAD6875B299788BA00FD6E5C /* UITextField + Ext.swift in Sources */,
				FA35657F29968E490075D71D /* NetworkService.swift in Sources */,
				FA35658229968F450075D71D /* Constants.swift in Sources */,
				FA35655029967D610075D71D /* SceneDelegate.swift in Sources */,
				FA35658C299692540075D71D /* Character.swift in Sources */,
				FA356579299688A30075D71D /* URLRequestFactory.swift in Sources */,
				FA35657D29968B9C0075D71D /* NetworkRoute.swift in Sources */,
				FA356584299690030075D71D /* NetworkError.swift in Sources */,
				FA35659129969A410075D71D /* UIFont + Ext.swift in Sources */,
				FAD68759299784C700FD6E5C /* RickMortySearchBar.swift in Sources */,
				FA356575299686990075D71D /* CharactersViewModel.swift in Sources */,
				FAD6876029978D4100FD6E5C /* CharacterViewCell.swift in Sources */,
				FAD6875D29978A5800FD6E5C /* CharactersVC + Ext.swift in Sources */,
			);
			runOnlyForDeploymentPostprocessing = 0;
		};
/* End PBXSourcesBuildPhase section */

/* Begin XCBuildConfiguration section */
		FA35655F29967D640075D71D /* Debug */ = {
			isa = XCBuildConfiguration;
			buildSettings = {
				ALWAYS_SEARCH_USER_PATHS = NO;
				CLANG_ANALYZER_NONNULL = YES;
				CLANG_ANALYZER_NUMBER_OBJECT_CONVERSION = YES_AGGRESSIVE;
				CLANG_CXX_LANGUAGE_STANDARD = "gnu++17";
				CLANG_CXX_LIBRARY = "libc++";
				CLANG_ENABLE_MODULES = YES;
				CLANG_ENABLE_OBJC_ARC = YES;
				CLANG_ENABLE_OBJC_WEAK = YES;
				CLANG_WARN_BLOCK_CAPTURE_AUTORELEASING = YES;
				CLANG_WARN_BOOL_CONVERSION = YES;
				CLANG_WARN_COMMA = YES;
				CLANG_WARN_CONSTANT_CONVERSION = YES;
				CLANG_WARN_DEPRECATED_OBJC_IMPLEMENTATIONS = YES;
				CLANG_WARN_DIRECT_OBJC_ISA_USAGE = YES_ERROR;
				CLANG_WARN_DOCUMENTATION_COMMENTS = YES;
				CLANG_WARN_EMPTY_BODY = YES;
				CLANG_WARN_ENUM_CONVERSION = YES;
				CLANG_WARN_INFINITE_RECURSION = YES;
				CLANG_WARN_INT_CONVERSION = YES;
				CLANG_WARN_NON_LITERAL_NULL_CONVERSION = YES;
				CLANG_WARN_OBJC_IMPLICIT_RETAIN_SELF = YES;
				CLANG_WARN_OBJC_LITERAL_CONVERSION = YES;
				CLANG_WARN_OBJC_ROOT_CLASS = YES_ERROR;
				CLANG_WARN_QUOTED_INCLUDE_IN_FRAMEWORK_HEADER = YES;
				CLANG_WARN_RANGE_LOOP_ANALYSIS = YES;
				CLANG_WARN_STRICT_PROTOTYPES = YES;
				CLANG_WARN_SUSPICIOUS_MOVE = YES;
				CLANG_WARN_UNGUARDED_AVAILABILITY = YES_AGGRESSIVE;
				CLANG_WARN_UNREACHABLE_CODE = YES;
				CLANG_WARN__DUPLICATE_METHOD_MATCH = YES;
				COPY_PHASE_STRIP = NO;
				DEBUG_INFORMATION_FORMAT = dwarf;
				ENABLE_STRICT_OBJC_MSGSEND = YES;
				ENABLE_TESTABILITY = YES;
				GCC_C_LANGUAGE_STANDARD = gnu11;
				GCC_DYNAMIC_NO_PIC = NO;
				GCC_NO_COMMON_BLOCKS = YES;
				GCC_OPTIMIZATION_LEVEL = 0;
				GCC_PREPROCESSOR_DEFINITIONS = (
					"DEBUG=1",
					"$(inherited)",
				);
				GCC_WARN_64_TO_32_BIT_CONVERSION = YES;
				GCC_WARN_ABOUT_RETURN_TYPE = YES_ERROR;
				GCC_WARN_UNDECLARED_SELECTOR = YES;
				GCC_WARN_UNINITIALIZED_AUTOS = YES_AGGRESSIVE;
				GCC_WARN_UNUSED_FUNCTION = YES;
				GCC_WARN_UNUSED_VARIABLE = YES;
				IPHONEOS_DEPLOYMENT_TARGET = 15.0;
				MTL_ENABLE_DEBUG_INFO = INCLUDE_SOURCE;
				MTL_FAST_MATH = YES;
				ONLY_ACTIVE_ARCH = YES;
				SDKROOT = iphoneos;
				SWIFT_ACTIVE_COMPILATION_CONDITIONS = DEBUG;
				SWIFT_OPTIMIZATION_LEVEL = "-Onone";
			};
			name = Debug;
		};
		FA35656029967D640075D71D /* Release */ = {
			isa = XCBuildConfiguration;
			buildSettings = {
				ALWAYS_SEARCH_USER_PATHS = NO;
				CLANG_ANALYZER_NONNULL = YES;
				CLANG_ANALYZER_NUMBER_OBJECT_CONVERSION = YES_AGGRESSIVE;
				CLANG_CXX_LANGUAGE_STANDARD = "gnu++17";
				CLANG_CXX_LIBRARY = "libc++";
				CLANG_ENABLE_MODULES = YES;
				CLANG_ENABLE_OBJC_ARC = YES;
				CLANG_ENABLE_OBJC_WEAK = YES;
				CLANG_WARN_BLOCK_CAPTURE_AUTORELEASING = YES;
				CLANG_WARN_BOOL_CONVERSION = YES;
				CLANG_WARN_COMMA = YES;
				CLANG_WARN_CONSTANT_CONVERSION = YES;
				CLANG_WARN_DEPRECATED_OBJC_IMPLEMENTATIONS = YES;
				CLANG_WARN_DIRECT_OBJC_ISA_USAGE = YES_ERROR;
				CLANG_WARN_DOCUMENTATION_COMMENTS = YES;
				CLANG_WARN_EMPTY_BODY = YES;
				CLANG_WARN_ENUM_CONVERSION = YES;
				CLANG_WARN_INFINITE_RECURSION = YES;
				CLANG_WARN_INT_CONVERSION = YES;
				CLANG_WARN_NON_LITERAL_NULL_CONVERSION = YES;
				CLANG_WARN_OBJC_IMPLICIT_RETAIN_SELF = YES;
				CLANG_WARN_OBJC_LITERAL_CONVERSION = YES;
				CLANG_WARN_OBJC_ROOT_CLASS = YES_ERROR;
				CLANG_WARN_QUOTED_INCLUDE_IN_FRAMEWORK_HEADER = YES;
				CLANG_WARN_RANGE_LOOP_ANALYSIS = YES;
				CLANG_WARN_STRICT_PROTOTYPES = YES;
				CLANG_WARN_SUSPICIOUS_MOVE = YES;
				CLANG_WARN_UNGUARDED_AVAILABILITY = YES_AGGRESSIVE;
				CLANG_WARN_UNREACHABLE_CODE = YES;
				CLANG_WARN__DUPLICATE_METHOD_MATCH = YES;
				COPY_PHASE_STRIP = NO;
				DEBUG_INFORMATION_FORMAT = "dwarf-with-dsym";
				ENABLE_NS_ASSERTIONS = NO;
				ENABLE_STRICT_OBJC_MSGSEND = YES;
				GCC_C_LANGUAGE_STANDARD = gnu11;
				GCC_NO_COMMON_BLOCKS = YES;
				GCC_WARN_64_TO_32_BIT_CONVERSION = YES;
				GCC_WARN_ABOUT_RETURN_TYPE = YES_ERROR;
				GCC_WARN_UNDECLARED_SELECTOR = YES;
				GCC_WARN_UNINITIALIZED_AUTOS = YES_AGGRESSIVE;
				GCC_WARN_UNUSED_FUNCTION = YES;
				GCC_WARN_UNUSED_VARIABLE = YES;
				IPHONEOS_DEPLOYMENT_TARGET = 15.0;
				MTL_ENABLE_DEBUG_INFO = NO;
				MTL_FAST_MATH = YES;
				SDKROOT = iphoneos;
				SWIFT_COMPILATION_MODE = wholemodule;
				SWIFT_OPTIMIZATION_LEVEL = "-O";
				VALIDATE_PRODUCT = YES;
			};
			name = Release;
		};
		FA35656229967D640075D71D /* Debug */ = {
			isa = XCBuildConfiguration;
			baseConfigurationReference = 17A8B64CABC44B54D62B349A /* Pods-rickmorty.debug.xcconfig */;
			buildSettings = {
				ASSETCATALOG_COMPILER_APPICON_NAME = AppIcon;
				ASSETCATALOG_COMPILER_GLOBAL_ACCENT_COLOR_NAME = AccentColor;
				CLANG_USE_OPTIMIZATION_PROFILE = NO;
				CODE_SIGN_STYLE = Automatic;
				CURRENT_PROJECT_VERSION = 1;
				DEVELOPMENT_TEAM = 8KZVTK9MJH;
				GENERATE_INFOPLIST_FILE = YES;
				INFOPLIST_FILE = rickmorty/Application/Info.plist;
				INFOPLIST_KEY_UIApplicationSupportsIndirectInputEvents = YES;
				INFOPLIST_KEY_UILaunchStoryboardName = LaunchScreen;
				INFOPLIST_KEY_UIMainStoryboardFile = "";
				INFOPLIST_KEY_UISupportedInterfaceOrientations_iPad = "UIInterfaceOrientationPortrait UIInterfaceOrientationPortraitUpsideDown UIInterfaceOrientationLandscapeLeft UIInterfaceOrientationLandscapeRight";
				INFOPLIST_KEY_UISupportedInterfaceOrientations_iPhone = "UIInterfaceOrientationPortrait UIInterfaceOrientationLandscapeLeft UIInterfaceOrientationLandscapeRight";
				IPHONEOS_DEPLOYMENT_TARGET = 13.6;
				LD_RUNPATH_SEARCH_PATHS = (
					"$(inherited)",
					"@executable_path/Frameworks",
				);
				MARKETING_VERSION = 1.0;
				PRODUCT_BUNDLE_IDENTIFIER = com.dkainm.rickmorty;
				PRODUCT_NAME = "$(TARGET_NAME)";
				SWIFT_EMIT_LOC_STRINGS = YES;
				SWIFT_VERSION = 5.0;
				TARGETED_DEVICE_FAMILY = "1,2";
			};
			name = Debug;
		};
		FA35656329967D640075D71D /* Release */ = {
			isa = XCBuildConfiguration;
			baseConfigurationReference = 487A86EBF1FEC76DB874CE02 /* Pods-rickmorty.release.xcconfig */;
			buildSettings = {
				ASSETCATALOG_COMPILER_APPICON_NAME = AppIcon;
				ASSETCATALOG_COMPILER_GLOBAL_ACCENT_COLOR_NAME = AccentColor;
				CLANG_USE_OPTIMIZATION_PROFILE = NO;
				CODE_SIGN_STYLE = Automatic;
				CURRENT_PROJECT_VERSION = 1;
				DEVELOPMENT_TEAM = 8KZVTK9MJH;
				GENERATE_INFOPLIST_FILE = YES;
				INFOPLIST_FILE = rickmorty/Application/Info.plist;
				INFOPLIST_KEY_UIApplicationSupportsIndirectInputEvents = YES;
				INFOPLIST_KEY_UILaunchStoryboardName = LaunchScreen;
				INFOPLIST_KEY_UIMainStoryboardFile = "";
				INFOPLIST_KEY_UISupportedInterfaceOrientations_iPad = "UIInterfaceOrientationPortrait UIInterfaceOrientationPortraitUpsideDown UIInterfaceOrientationLandscapeLeft UIInterfaceOrientationLandscapeRight";
				INFOPLIST_KEY_UISupportedInterfaceOrientations_iPhone = "UIInterfaceOrientationPortrait UIInterfaceOrientationLandscapeLeft UIInterfaceOrientationLandscapeRight";
				IPHONEOS_DEPLOYMENT_TARGET = 13.6;
				LD_RUNPATH_SEARCH_PATHS = (
					"$(inherited)",
					"@executable_path/Frameworks",
				);
				MARKETING_VERSION = 1.0;
				PRODUCT_BUNDLE_IDENTIFIER = com.dkainm.rickmorty;
				PRODUCT_NAME = "$(TARGET_NAME)";
				SWIFT_EMIT_LOC_STRINGS = YES;
				SWIFT_VERSION = 5.0;
				TARGETED_DEVICE_FAMILY = "1,2";
			};
			name = Release;
		};
/* End XCBuildConfiguration section */

/* Begin XCConfigurationList section */
		FA35654529967D610075D71D /* Build configuration list for PBXProject "rickmorty" */ = {
			isa = XCConfigurationList;
			buildConfigurations = (
				FA35655F29967D640075D71D /* Debug */,
				FA35656029967D640075D71D /* Release */,
			);
			defaultConfigurationIsVisible = 0;
			defaultConfigurationName = Release;
		};
		FA35656129967D640075D71D /* Build configuration list for PBXNativeTarget "rickmorty" */ = {
			isa = XCConfigurationList;
			buildConfigurations = (
				FA35656229967D640075D71D /* Debug */,
				FA35656329967D640075D71D /* Release */,
			);
			defaultConfigurationIsVisible = 0;
			defaultConfigurationName = Release;
		};
/* End XCConfigurationList section */

/* Begin XCVersionGroup section */
		FA35655629967D610075D71D /* rickmorty.xcdatamodeld */ = {
			isa = XCVersionGroup;
			children = (
				FA35655729967D610075D71D /* rickmorty.xcdatamodel */,
			);
			currentVersion = FA35655729967D610075D71D /* rickmorty.xcdatamodel */;
			path = rickmorty.xcdatamodeld;
			sourceTree = "<group>";
			versionGroupType = wrapper.xcdatamodel;
		};
/* End XCVersionGroup section */
	};
	rootObject = FA35654229967D610075D71D /* Project object */;
}
